
Microsoft Visual Studio Solution File, Format Version 12.00
# Visual Studio 2013
VisualStudioVersion = 12.0.21005.1
MinimumVisualStudioVersion = 10.0.40219.1
Project("{FAE04EC0-301F-11D3-BF4B-00C04F79EFBC}") = "2ADTset", "2ADTset\2ADTset.csproj", "{1AEDD399-2782-471C-9D29-977F6387C978}"
EndProject
Project("{FAE04EC0-301F-11D3-BF4B-00C04F79EFBC}") = "SetTest", "SetTest\SetTest.csproj", "{DBC3978C-59A4-4A58-8E03-85FFF69A34DE}"
EndProject
Global
	GlobalSection(SolutionConfigurationPlatforms) = preSolution
		Debug|Any CPU = Debug|Any CPU
		Release|Any CPU = Release|Any CPU
	EndGlobalSection
	GlobalSection(ProjectConfigurationPlatforms) = postSolution
		{1AEDD399-2782-471C-9D29-977F6387C978}.Debug|Any CPU.ActiveCfg = Debug|Any CPU
		{1AEDD399-2782-471C-9D29-977F6387C978}.Debug|Any CPU.Build.0 = Debug|Any CPU
		{1AEDD399-2782-471C-9D29-977F6387C978}.Release|Any CPU.ActiveCfg = Release|Any CPU
		{1AEDD399-2782-471C-9D29-977F6387C978}.Release|Any CPU.Build.0 = Release|Any CPU
		{DBC3978C-59A4-4A58-8E03-85FFF69A34DE}.Debug|Any CPU.ActiveCfg = Debug|Any CPU
		{DBC3978C-59A4-4A58-8E03-85FFF69A34DE}.Debug|Any CPU.Build.0 = Debug|Any CPU
		{DBC3978C-59A4-4A58-8E03-85FFF69A34DE}.Release|Any CPU.ActiveCfg = Release|Any CPU
		{DBC3978C-59A4-4A58-8E03-85FFF69A34DE}.Release|Any CPU.Build.0 = Release|Any CPU
	EndGlobalSection
	GlobalSection(SolutionProperties) = preSolution
		HideSolutionNode = FALSE
	EndGlobalSection
EndGlobal
