
Microsoft Visual Studio Solution File, Format Version 11.00
# Visual C++ Express 2010
Project("{8BC9CEB8-8B4A-11D0-8D11-00A0C91BC942}") = "2", "2\2.vcxproj", "{A1B42220-40B1-4E7A-A0D8-E6EE8D2534CF}"
EndProject
Global
	GlobalSection(SolutionConfigurationPlatforms) = preSolution
		Debug|Win32 = Debug|Win32
		Release|Win32 = Release|Win32
	EndGlobalSection
	GlobalSection(ProjectConfigurationPlatforms) = postSolution
		{A1B42220-40B1-4E7A-A0D8-E6EE8D2534CF}.Debug|Win32.ActiveCfg = Debug|Win32
		{A1B42220-40B1-4E7A-A0D8-E6EE8D2534CF}.Debug|Win32.Build.0 = Debug|Win32
		{A1B42220-40B1-4E7A-A0D8-E6EE8D2534CF}.Release|Win32.ActiveCfg = Release|Win32
		{A1B42220-40B1-4E7A-A0D8-E6EE8D2534CF}.Release|Win32.Build.0 = Release|Win32
	EndGlobalSection
	GlobalSection(SolutionProperties) = preSolution
		HideSolutionNode = FALSE
	EndGlobalSection
EndGlobal
